
Microsoft Visual Studio Solution File, Format Version 12.00
# Visual Studio Version 16
VisualStudioVersion = 16.0.30611.23
MinimumVisualStudioVersion = 10.0.40219.1
Project("{8BC9CEB8-8B4A-11D0-8D11-00A0C91BC942}") = "server", "server\server.vcxproj", "{14DFFCE3-BE20-46EB-B2EC-4F08779B9055}"
EndProject
Project("{8BC9CEB8-8B4A-11D0-8D11-00A0C91BC942}") = "client", "client\client.vcxproj", "{13B54A50-6F9B-49AD-9477-36170B71D30F}"
EndProject
Global
	GlobalSection(SolutionConfigurationPlatforms) = preSolution
		Debug|x64 = Debug|x64
		Debug|x86 = Debug|x86
		Release|x64 = Release|x64
		Release|x86 = Release|x86
	EndGlobalSection
	GlobalSection(ProjectConfigurationPlatforms) = postSolution
		{14DFFCE3-BE20-46EB-B2EC-4F08779B9055}.Debug|x64.ActiveCfg = Debug|x64
		{14DFFCE3-BE20-46EB-B2EC-4F08779B9055}.Debug|x64.Build.0 = Debug|x64
		{14DFFCE3-BE20-46EB-B2EC-4F08779B9055}.Debug|x86.ActiveCfg = Debug|Win32
		{14DFFCE3-BE20-46EB-B2EC-4F08779B9055}.Debug|x86.Build.0 = Debug|Win32
		{14DFFCE3-BE20-46EB-B2EC-4F08779B9055}.Release|x64.ActiveCfg = Release|x64
		{14DFFCE3-BE20-46EB-B2EC-4F08779B9055}.Release|x64.Build.0 = Release|x64
		{14DFFCE3-BE20-46EB-B2EC-4F08779B9055}.Release|x86.ActiveCfg = Release|Win32
		{14DFFCE3-BE20-46EB-B2EC-4F08779B9055}.Release|x86.Build.0 = Release|Win32
		{13B54A50-6F9B-49AD-9477-36170B71D30F}.Debug|x64.ActiveCfg = Debug|x64
		{13B54A50-6F9B-49AD-9477-36170B71D30F}.Debug|x64.Build.0 = Debug|x64
		{13B54A50-6F9B-49AD-9477-36170B71D30F}.Debug|x86.ActiveCfg = Debug|Win32
		{13B54A50-6F9B-49AD-9477-36170B71D30F}.Debug|x86.Build.0 = Debug|Win32
		{13B54A50-6F9B-49AD-9477-36170B71D30F}.Release|x64.ActiveCfg = Release|x64
		{13B54A50-6F9B-49AD-9477-36170B71D30F}.Release|x64.Build.0 = Release|x64
		{13B54A50-6F9B-49AD-9477-36170B71D30F}.Release|x86.ActiveCfg = Release|Win32
		{13B54A50-6F9B-49AD-9477-36170B71D30F}.Release|x86.Build.0 = Release|Win32
	EndGlobalSection
	GlobalSection(SolutionProperties) = preSolution
		HideSolutionNode = FALSE
	EndGlobalSection
	GlobalSection(ExtensibilityGlobals) = postSolution
		SolutionGuid = {1FF419B1-066F-4CAC-8307-84E4305E316D}
	EndGlobalSection
EndGlobal
